
Microsoft Visual Studio Solution File, Format Version 12.00
# Visual Studio Version 17
VisualStudioVersion = 17.4.33122.133
MinimumVisualStudioVersion = 10.0.40219.1
Project("{FAE04EC0-301F-11D3-BF4B-00C04F79EFBC}") = "MVCSendEmail", "MVCSendEmail.csproj", "{1E746ED2-F693-4CD6-AF36-222FBB965A3F}"
EndProject
Global
	GlobalSection(SolutionConfigurationPlatforms) = preSolution
		Debug|Any CPU = Debug|Any CPU
		Release|Any CPU = Release|Any CPU
	EndGlobalSection
	GlobalSection(ProjectConfigurationPlatforms) = postSolution
		{1E746ED2-F693-4CD6-AF36-222FBB965A3F}.Debug|Any CPU.ActiveCfg = Debug|Any CPU
		{1E746ED2-F693-4CD6-AF36-222FBB965A3F}.Debug|Any CPU.Build.0 = Debug|Any CPU
		{1E746ED2-F693-4CD6-AF36-222FBB965A3F}.Release|Any CPU.ActiveCfg = Release|Any CPU
		{1E746ED2-F693-4CD6-AF36-222FBB965A3F}.Release|Any CPU.Build.0 = Release|Any CPU
	EndGlobalSection
	GlobalSection(SolutionProperties) = preSolution
		HideSolutionNode = FALSE
	EndGlobalSection
	GlobalSection(ExtensibilityGlobals) = postSolution
		SolutionGuid = {4E9011BD-0465-4FF6-93A2-18A55C4A92CF}
	EndGlobalSection
EndGlobal
